
Microsoft Visual Studio Solution File, Format Version 12.00
# Visual Studio Version 17
VisualStudioVersion = 17.7.34024.191
MinimumVisualStudioVersion = 10.0.40219.1
Project("{FAE04EC0-301F-11D3-BF4B-00C04F79EFBC}") = "Assignment1", "Assignment1.csproj", "{271FB61C-C4B8-48C8-8119-3B2B78D56241}"
EndProject
Global
	GlobalSection(SolutionConfigurationPlatforms) = preSolution
		Debug|Any CPU = Debug|Any CPU
		Release|Any CPU = Release|Any CPU
	EndGlobalSection
	GlobalSection(ProjectConfigurationPlatforms) = postSolution
		{271FB61C-C4B8-48C8-8119-3B2B78D56241}.Debug|Any CPU.ActiveCfg = Debug|Any CPU
		{271FB61C-C4B8-48C8-8119-3B2B78D56241}.Debug|Any CPU.Build.0 = Debug|Any CPU
		{271FB61C-C4B8-48C8-8119-3B2B78D56241}.Release|Any CPU.ActiveCfg = Release|Any CPU
		{271FB61C-C4B8-48C8-8119-3B2B78D56241}.Release|Any CPU.Build.0 = Release|Any CPU
	EndGlobalSection
	GlobalSection(SolutionProperties) = preSolution
		HideSolutionNode = FALSE
	EndGlobalSection
	GlobalSection(ExtensibilityGlobals) = postSolution
		SolutionGuid = {F638AD78-C067-49A5-A3B5-CFECD27E0F77}
	EndGlobalSection
EndGlobal
